
Microsoft Visual Studio Solution File, Format Version 12.00
# Visual Studio Version 16
VisualStudioVersion = 16.0.31205.134
MinimumVisualStudioVersion = 10.0.40219.1
Project("{FAE04EC0-301F-11D3-BF4B-00C04F79EFBC}") = "Supply_Business", "Supply_Business\Supply_Business.csproj", "{B0FF347A-6E45-497C-A6CC-90140E7E1069}"
EndProject
Global
	GlobalSection(SolutionConfigurationPlatforms) = preSolution
		Debug|Any CPU = Debug|Any CPU
		Release|Any CPU = Release|Any CPU
	EndGlobalSection
	GlobalSection(ProjectConfigurationPlatforms) = postSolution
		{B0FF347A-6E45-497C-A6CC-90140E7E1069}.Debug|Any CPU.ActiveCfg = Debug|Any CPU
		{B0FF347A-6E45-497C-A6CC-90140E7E1069}.Debug|Any CPU.Build.0 = Debug|Any CPU
		{B0FF347A-6E45-497C-A6CC-90140E7E1069}.Release|Any CPU.ActiveCfg = Release|Any CPU
		{B0FF347A-6E45-497C-A6CC-90140E7E1069}.Release|Any CPU.Build.0 = Release|Any CPU
	EndGlobalSection
	GlobalSection(SolutionProperties) = preSolution
		HideSolutionNode = FALSE
	EndGlobalSection
	GlobalSection(ExtensibilityGlobals) = postSolution
		SolutionGuid = {CC8E4BB8-6FCB-4AF8-BBE0-67E2B552A185}
	EndGlobalSection
EndGlobal
